
Microsoft Visual Studio Solution File, Format Version 12.00
# Visual Studio 2013
VisualStudioVersion = 12.0.40629.0
MinimumVisualStudioVersion = 10.0.40219.1
Project("{8BC9CEB8-8B4A-11D0-8D11-00A0C91BC942}") = "auto_future_graphics_design", "auto_future_graphics_design\auto_future_graphics_design.vcxproj", "{4A1FB5EA-22F5-42A8-AB92-1D2DF5D47FB9}"
EndProject
Project("{8BC9CEB8-8B4A-11D0-8D11-00A0C91BC942}") = "playground", "playground\playground.vcxproj", "{47B74333-D086-48E6-B915-C5A32161BC2B}"
EndProject
Project("{8BC9CEB8-8B4A-11D0-8D11-00A0C91BC942}") = "InstallAFGD", "InstallAFGD\InstallAFGD.vcxproj", "{159489EA-9F48-4BB7-9CCD-0B7C00B03958}"
EndProject
Project("{8BC9CEB8-8B4A-11D0-8D11-00A0C91BC942}") = "test_msg_pack", "test_msg_pack\test_msg_pack.vcxproj", "{3C6491D4-8AD0-4E10-BA3B-5270AE9A9B28}"
EndProject
Project("{8BC9CEB8-8B4A-11D0-8D11-00A0C91BC942}") = "test_Masahiro", "test_Masahiro\test_Masahiro.vcxproj", "{EE83CCC5-793E-46EF-8EFF-5954E15D450D}"
EndProject
Project("{8BC9CEB8-8B4A-11D0-8D11-00A0C91BC942}") = "test_msgpack-c", "test_msgpack-c\test_msgpack-c.vcxproj", "{1A560002-A815-45E6-B43B-0DB84C9297B6}"
EndProject
Project("{8BC9CEB8-8B4A-11D0-8D11-00A0C91BC942}") = "graphics_lib", "auto_future_graphics_design\graphics_lib.vcxproj", "{D2A01ED7-D015-4A1D-814E-18396DA86504}"
EndProject
Project("{8BC9CEB8-8B4A-11D0-8D11-00A0C91BC942}") = "message_manager", "message_manager\message_manager.vcxproj", "{A2042218-E7BE-40F3-8939-4E9C409F9128}"
EndProject
Project("{8BC9CEB8-8B4A-11D0-8D11-00A0C91BC942}") = "json_lib", "json_lib\json_lib.vcxproj", "{B2457180-3BBB-4541-BA82-E7F64A9A8970}"
EndProject
Project("{8BC9CEB8-8B4A-11D0-8D11-00A0C91BC942}") = "test_miniz", "test_miniz\test_miniz.vcxproj", "{AC6A0055-A051-4369-AD7F-7C44BEC731A0}"
EndProject
Project("{8BC9CEB8-8B4A-11D0-8D11-00A0C91BC942}") = "mcu_simulator", "..\mcu_simulator\mcu_simulator.vcxproj", "{4965BF9B-C3EB-4406-9216-7B9DB0D3C0F8}"
EndProject
Project("{8BC9CEB8-8B4A-11D0-8D11-00A0C91BC942}") = "graphics_app", "graphics_app\graphics_app.vcxproj", "{C6B31CCF-1977-49CF-8F87-6359FEFC17D8}"
EndProject
Project("{8BC9CEB8-8B4A-11D0-8D11-00A0C91BC942}") = "graphics_app_scomm", "graphics_app\graphics_app_scomm.vcxproj", "{BEED3121-5A7A-4FE3-90E5-01B419D3AAEF}"
EndProject
Project("{8BC9CEB8-8B4A-11D0-8D11-00A0C91BC942}") = "auto_future_graphics_design_delta", "auto_future_graphics_design\auto_future_graphics_design_delta.vcxproj", "{255F4C85-BAEC-428D-B279-1A6EE2A91207}"
EndProject
Global
	GlobalSection(SolutionConfigurationPlatforms) = preSolution
		Debug|ARM = Debug|ARM
		Debug|Mixed Platforms = Debug|Mixed Platforms
		Debug|Win32 = Debug|Win32
		Debug|x64 = Debug|x64
		Release|ARM = Release|ARM
		Release|Mixed Platforms = Release|Mixed Platforms
		Release|Win32 = Release|Win32
		Release|x64 = Release|x64
	EndGlobalSection
	GlobalSection(ProjectConfigurationPlatforms) = postSolution
		{4A1FB5EA-22F5-42A8-AB92-1D2DF5D47FB9}.Debug|ARM.ActiveCfg = Debug|Win32
		{4A1FB5EA-22F5-42A8-AB92-1D2DF5D47FB9}.Debug|Mixed Platforms.ActiveCfg = Debug|Win32
		{4A1FB5EA-22F5-42A8-AB92-1D2DF5D47FB9}.Debug|Mixed Platforms.Build.0 = Debug|Win32
		{4A1FB5EA-22F5-42A8-AB92-1D2DF5D47FB9}.Debug|Win32.ActiveCfg = Debug|Win32
		{4A1FB5EA-22F5-42A8-AB92-1D2DF5D47FB9}.Debug|Win32.Build.0 = Debug|Win32
		{4A1FB5EA-22F5-42A8-AB92-1D2DF5D47FB9}.Debug|x64.ActiveCfg = Debug|x64
		{4A1FB5EA-22F5-42A8-AB92-1D2DF5D47FB9}.Debug|x64.Build.0 = Debug|x64
		{4A1FB5EA-22F5-42A8-AB92-1D2DF5D47FB9}.Release|ARM.ActiveCfg = Release|Win32
		{4A1FB5EA-22F5-42A8-AB92-1D2DF5D47FB9}.Release|Mixed Platforms.ActiveCfg = Release|Win32
		{4A1FB5EA-22F5-42A8-AB92-1D2DF5D47FB9}.Release|Mixed Platforms.Build.0 = Release|Win32
		{4A1FB5EA-22F5-42A8-AB92-1D2DF5D47FB9}.Release|Win32.ActiveCfg = Release|Win32
		{4A1FB5EA-22F5-42A8-AB92-1D2DF5D47FB9}.Release|Win32.Build.0 = Release|Win32
		{4A1FB5EA-22F5-42A8-AB92-1D2DF5D47FB9}.Release|x64.ActiveCfg = Release|x64
		{4A1FB5EA-22F5-42A8-AB92-1D2DF5D47FB9}.Release|x64.Build.0 = Release|x64
		{47B74333-D086-48E6-B915-C5A32161BC2B}.Debug|ARM.ActiveCfg = Debug|Win32
		{47B74333-D086-48E6-B915-C5A32161BC2B}.Debug|Mixed Platforms.ActiveCfg = Debug|Win32
		{47B74333-D086-48E6-B915-C5A32161BC2B}.Debug|Mixed Platforms.Build.0 = Debug|Win32
		{47B74333-D086-48E6-B915-C5A32161BC2B}.Debug|Win32.ActiveCfg = Debug|Win32
		{47B74333-D086-48E6-B915-C5A32161BC2B}.Debug|Win32.Build.0 = Debug|Win32
		{47B74333-D086-48E6-B915-C5A32161BC2B}.Debug|x64.ActiveCfg = Debug|Win32
		{47B74333-D086-48E6-B915-C5A32161BC2B}.Release|ARM.ActiveCfg = Release|Win32
		{47B74333-D086-48E6-B915-C5A32161BC2B}.Release|Mixed Platforms.ActiveCfg = Release|Win32
		{47B74333-D086-48E6-B915-C5A32161BC2B}.Release|Mixed Platforms.Build.0 = Release|Win32
		{47B74333-D086-48E6-B915-C5A32161BC2B}.Release|Win32.ActiveCfg = Release|Win32
		{47B74333-D086-48E6-B915-C5A32161BC2B}.Release|Win32.Build.0 = Release|Win32
		{47B74333-D086-48E6-B915-C5A32161BC2B}.Release|x64.ActiveCfg = Release|Win32
		{159489EA-9F48-4BB7-9CCD-0B7C00B03958}.Debug|ARM.ActiveCfg = Debug|Win32
		{159489EA-9F48-4BB7-9CCD-0B7C00B03958}.Debug|Mixed Platforms.ActiveCfg = Debug|Win32
		{159489EA-9F48-4BB7-9CCD-0B7C00B03958}.Debug|Mixed Platforms.Build.0 = Debug|Win32
		{159489EA-9F48-4BB7-9CCD-0B7C00B03958}.Debug|Win32.ActiveCfg = Debug|Win32
		{159489EA-9F48-4BB7-9CCD-0B7C00B03958}.Debug|Win32.Build.0 = Debug|Win32
		{159489EA-9F48-4BB7-9CCD-0B7C00B03958}.Debug|x64.ActiveCfg = Debug|Win32
		{159489EA-9F48-4BB7-9CCD-0B7C00B03958}.Release|ARM.ActiveCfg = Release|Win32
		{159489EA-9F48-4BB7-9CCD-0B7C00B03958}.Release|Mixed Platforms.ActiveCfg = Release|Win32
		{159489EA-9F48-4BB7-9CCD-0B7C00B03958}.Release|Mixed Platforms.Build.0 = Release|Win32
		{159489EA-9F48-4BB7-9CCD-0B7C00B03958}.Release|Win32.ActiveCfg = Release|Win32
		{159489EA-9F48-4BB7-9CCD-0B7C00B03958}.Release|Win32.Build.0 = Release|Win32
		{159489EA-9F48-4BB7-9CCD-0B7C00B03958}.Release|x64.ActiveCfg = Release|Win32
		{3C6491D4-8AD0-4E10-BA3B-5270AE9A9B28}.Debug|ARM.ActiveCfg = Debug|Win32
		{3C6491D4-8AD0-4E10-BA3B-5270AE9A9B28}.Debug|Mixed Platforms.ActiveCfg = Debug|Win32
		{3C6491D4-8AD0-4E10-BA3B-5270AE9A9B28}.Debug|Mixed Platforms.Build.0 = Debug|Win32
		{3C6491D4-8AD0-4E10-BA3B-5270AE9A9B28}.Debug|Win32.ActiveCfg = Debug|Win32
		{3C6491D4-8AD0-4E10-BA3B-5270AE9A9B28}.Debug|Win32.Build.0 = Debug|Win32
		{3C6491D4-8AD0-4E10-BA3B-5270AE9A9B28}.Debug|x64.ActiveCfg = Debug|Win32
		{3C6491D4-8AD0-4E10-BA3B-5270AE9A9B28}.Release|ARM.ActiveCfg = Release|Win32
		{3C6491D4-8AD0-4E10-BA3B-5270AE9A9B28}.Release|Mixed Platforms.ActiveCfg = Release|Win32
		{3C6491D4-8AD0-4E10-BA3B-5270AE9A9B28}.Release|Mixed Platforms.Build.0 = Release|Win32
		{3C6491D4-8AD0-4E10-BA3B-5270AE9A9B28}.Release|Win32.ActiveCfg = Release|Win32
		{3C6491D4-8AD0-4E10-BA3B-5270AE9A9B28}.Release|Win32.Build.0 = Release|Win32
		{3C6491D4-8AD0-4E10-BA3B-5270AE9A9B28}.Release|x64.ActiveCfg = Release|Win32
		{EE83CCC5-793E-46EF-8EFF-5954E15D450D}.Debug|ARM.ActiveCfg = Debug|Win32
		{EE83CCC5-793E-46EF-8EFF-5954E15D450D}.Debug|Mixed Platforms.ActiveCfg = Debug|Win32
		{EE83CCC5-793E-46EF-8EFF-5954E15D450D}.Debug|Mixed Platforms.Build.0 = Debug|Win32
		{EE83CCC5-793E-46EF-8EFF-5954E15D450D}.Debug|Win32.ActiveCfg = Debug|Win32
		{EE83CCC5-793E-46EF-8EFF-5954E15D450D}.Debug|Win32.Build.0 = Debug|Win32
		{EE83CCC5-793E-46EF-8EFF-5954E15D450D}.Debug|x64.ActiveCfg = Debug|Win32
		{EE83CCC5-793E-46EF-8EFF-5954E15D450D}.Release|ARM.ActiveCfg = Release|Win32
		{EE83CCC5-793E-46EF-8EFF-5954E15D450D}.Release|Mixed Platforms.ActiveCfg = Release|Win32
		{EE83CCC5-793E-46EF-8EFF-5954E15D450D}.Release|Mixed Platforms.Build.0 = Release|Win32
		{EE83CCC5-793E-46EF-8EFF-5954E15D450D}.Release|Win32.ActiveCfg = Release|Win32
		{EE83CCC5-793E-46EF-8EFF-5954E15D450D}.Release|Win32.Build.0 = Release|Win32
		{EE83CCC5-793E-46EF-8EFF-5954E15D450D}.Release|x64.ActiveCfg = Release|Win32
		{1A560002-A815-45E6-B43B-0DB84C9297B6}.Debug|ARM.ActiveCfg = Debug|Win32
		{1A560002-A815-45E6-B43B-0DB84C9297B6}.Debug|Mixed Platforms.ActiveCfg = Debug|Win32
		{1A560002-A815-45E6-B43B-0DB84C9297B6}.Debug|Mixed Platforms.Build.0 = Debug|Win32
		{1A560002-A815-45E6-B43B-0DB84C9297B6}.Debug|Win32.ActiveCfg = Debug|Win32
		{1A560002-A815-45E6-B43B-0DB84C9297B6}.Debug|Win32.Build.0 = Debug|Win32
		{1A560002-A815-45E6-B43B-0DB84C9297B6}.Debug|x64.ActiveCfg = Debug|Win32
		{1A560002-A815-45E6-B43B-0DB84C9297B6}.Release|ARM.ActiveCfg = Release|Win32
		{1A560002-A815-45E6-B43B-0DB84C9297B6}.Release|Mixed Platforms.ActiveCfg = Release|Win32
		{1A560002-A815-45E6-B43B-0DB84C9297B6}.Release|Mixed Platforms.Build.0 = Release|Win32
		{1A560002-A815-45E6-B43B-0DB84C9297B6}.Release|Win32.ActiveCfg = Release|Win32
		{1A560002-A815-45E6-B43B-0DB84C9297B6}.Release|Win32.Build.0 = Release|Win32
		{1A560002-A815-45E6-B43B-0DB84C9297B6}.Release|x64.ActiveCfg = Release|Win32
		{D2A01ED7-D015-4A1D-814E-18396DA86504}.Debug|ARM.ActiveCfg = Debug|Win32
		{D2A01ED7-D015-4A1D-814E-18396DA86504}.Debug|Mixed Platforms.ActiveCfg = Debug|Win32
		{D2A01ED7-D015-4A1D-814E-18396DA86504}.Debug|Mixed Platforms.Build.0 = Debug|Win32
		{D2A01ED7-D015-4A1D-814E-18396DA86504}.Debug|Win32.ActiveCfg = Debug|Win32
		{D2A01ED7-D015-4A1D-814E-18396DA86504}.Debug|Win32.Build.0 = Debug|Win32
		{D2A01ED7-D015-4A1D-814E-18396DA86504}.Debug|x64.ActiveCfg = Debug|x64
		{D2A01ED7-D015-4A1D-814E-18396DA86504}.Debug|x64.Build.0 = Debug|x64
		{D2A01ED7-D015-4A1D-814E-18396DA86504}.Release|ARM.ActiveCfg = Release|Win32
		{D2A01ED7-D015-4A1D-814E-18396DA86504}.Release|Mixed Platforms.ActiveCfg = Release|Win32
		{D2A01ED7-D015-4A1D-814E-18396DA86504}.Release|Mixed Platforms.Build.0 = Release|Win32
		{D2A01ED7-D015-4A1D-814E-18396DA86504}.Release|Win32.ActiveCfg = Release|Win32
		{D2A01ED7-D015-4A1D-814E-18396DA86504}.Release|Win32.Build.0 = Release|Win32
		{D2A01ED7-D015-4A1D-814E-18396DA86504}.Release|x64.ActiveCfg = Release|x64
		{D2A01ED7-D015-4A1D-814E-18396DA86504}.Release|x64.Build.0 = Release|x64
		{A2042218-E7BE-40F3-8939-4E9C409F9128}.Debug|ARM.ActiveCfg = Debug|Win32
		{A2042218-E7BE-40F3-8939-4E9C409F9128}.Debug|Mixed Platforms.ActiveCfg = Debug|Win32
		{A2042218-E7BE-40F3-8939-4E9C409F9128}.Debug|Mixed Platforms.Build.0 = Debug|Win32
		{A2042218-E7BE-40F3-8939-4E9C409F9128}.Debug|Win32.ActiveCfg = Debug|Win32
		{A2042218-E7BE-40F3-8939-4E9C409F9128}.Debug|Win32.Build.0 = Debug|Win32
		{A2042218-E7BE-40F3-8939-4E9C409F9128}.Debug|x64.ActiveCfg = Debug|Win32
		{A2042218-E7BE-40F3-8939-4E9C409F9128}.Release|ARM.ActiveCfg = Release|Win32
		{A2042218-E7BE-40F3-8939-4E9C409F9128}.Release|Mixed Platforms.ActiveCfg = Release|Win32
		{A2042218-E7BE-40F3-8939-4E9C409F9128}.Release|Mixed Platforms.Build.0 = Release|Win32
		{A2042218-E7BE-40F3-8939-4E9C409F9128}.Release|Win32.ActiveCfg = Release|Win32
		{A2042218-E7BE-40F3-8939-4E9C409F9128}.Release|Win32.Build.0 = Release|Win32
		{A2042218-E7BE-40F3-8939-4E9C409F9128}.Release|x64.ActiveCfg = Release|Win32
		{B2457180-3BBB-4541-BA82-E7F64A9A8970}.Debug|ARM.ActiveCfg = Debug|Win32
		{B2457180-3BBB-4541-BA82-E7F64A9A8970}.Debug|Mixed Platforms.ActiveCfg = Debug|Win32
		{B2457180-3BBB-4541-BA82-E7F64A9A8970}.Debug|Mixed Platforms.Build.0 = Debug|Win32
		{B2457180-3BBB-4541-BA82-E7F64A9A8970}.Debug|Win32.ActiveCfg = Debug|Win32
		{B2457180-3BBB-4541-BA82-E7F64A9A8970}.Debug|Win32.Build.0 = Debug|Win32
		{B2457180-3BBB-4541-BA82-E7F64A9A8970}.Debug|x64.ActiveCfg = Debug|Win32
		{B2457180-3BBB-4541-BA82-E7F64A9A8970}.Release|ARM.ActiveCfg = Release|Win32
		{B2457180-3BBB-4541-BA82-E7F64A9A8970}.Release|Mixed Platforms.ActiveCfg = Release|Win32
		{B2457180-3BBB-4541-BA82-E7F64A9A8970}.Release|Mixed Platforms.Build.0 = Release|Win32
		{B2457180-3BBB-4541-BA82-E7F64A9A8970}.Release|Win32.ActiveCfg = Release|Win32
		{B2457180-3BBB-4541-BA82-E7F64A9A8970}.Release|Win32.Build.0 = Release|Win32
		{B2457180-3BBB-4541-BA82-E7F64A9A8970}.Release|x64.ActiveCfg = Release|Win32
		{AC6A0055-A051-4369-AD7F-7C44BEC731A0}.Debug|ARM.ActiveCfg = Debug|Win32
		{AC6A0055-A051-4369-AD7F-7C44BEC731A0}.Debug|Mixed Platforms.ActiveCfg = Debug|Win32
		{AC6A0055-A051-4369-AD7F-7C44BEC731A0}.Debug|Mixed Platforms.Build.0 = Debug|Win32
		{AC6A0055-A051-4369-AD7F-7C44BEC731A0}.Debug|Win32.ActiveCfg = Debug|Win32
		{AC6A0055-A051-4369-AD7F-7C44BEC731A0}.Debug|Win32.Build.0 = Debug|Win32
		{AC6A0055-A051-4369-AD7F-7C44BEC731A0}.Debug|x64.ActiveCfg = Debug|Win32
		{AC6A0055-A051-4369-AD7F-7C44BEC731A0}.Release|ARM.ActiveCfg = Release|Win32
		{AC6A0055-A051-4369-AD7F-7C44BEC731A0}.Release|Mixed Platforms.ActiveCfg = Release|Win32
		{AC6A0055-A051-4369-AD7F-7C44BEC731A0}.Release|Mixed Platforms.Build.0 = Release|Win32
		{AC6A0055-A051-4369-AD7F-7C44BEC731A0}.Release|Win32.ActiveCfg = Release|Win32
		{AC6A0055-A051-4369-AD7F-7C44BEC731A0}.Release|Win32.Build.0 = Release|Win32
		{AC6A0055-A051-4369-AD7F-7C44BEC731A0}.Release|x64.ActiveCfg = Release|Win32
		{4965BF9B-C3EB-4406-9216-7B9DB0D3C0F8}.Debug|ARM.ActiveCfg = Debug|Win32
		{4965BF9B-C3EB-4406-9216-7B9DB0D3C0F8}.Debug|Mixed Platforms.ActiveCfg = Debug|Win32
		{4965BF9B-C3EB-4406-9216-7B9DB0D3C0F8}.Debug|Mixed Platforms.Build.0 = Debug|Win32
		{4965BF9B-C3EB-4406-9216-7B9DB0D3C0F8}.Debug|Win32.ActiveCfg = Debug|Win32
		{4965BF9B-C3EB-4406-9216-7B9DB0D3C0F8}.Debug|Win32.Build.0 = Debug|Win32
		{4965BF9B-C3EB-4406-9216-7B9DB0D3C0F8}.Debug|x64.ActiveCfg = Debug|Win32
		{4965BF9B-C3EB-4406-9216-7B9DB0D3C0F8}.Release|ARM.ActiveCfg = Release|Win32
		{4965BF9B-C3EB-4406-9216-7B9DB0D3C0F8}.Release|Mixed Platforms.ActiveCfg = Release|Win32
		{4965BF9B-C3EB-4406-9216-7B9DB0D3C0F8}.Release|Mixed Platforms.Build.0 = Release|Win32
		{4965BF9B-C3EB-4406-9216-7B9DB0D3C0F8}.Release|Win32.ActiveCfg = Release|Win32
		{4965BF9B-C3EB-4406-9216-7B9DB0D3C0F8}.Release|Win32.Build.0 = Release|Win32
		{4965BF9B-C3EB-4406-9216-7B9DB0D3C0F8}.Release|x64.ActiveCfg = Release|Win32
		{C6B31CCF-1977-49CF-8F87-6359FEFC17D8}.Debug|ARM.ActiveCfg = Debug|Win32
		{C6B31CCF-1977-49CF-8F87-6359FEFC17D8}.Debug|Mixed Platforms.ActiveCfg = Debug|Win32
		{C6B31CCF-1977-49CF-8F87-6359FEFC17D8}.Debug|Mixed Platforms.Build.0 = Debug|Win32
		{C6B31CCF-1977-49CF-8F87-6359FEFC17D8}.Debug|Win32.ActiveCfg = Debug|Win32
		{C6B31CCF-1977-49CF-8F87-6359FEFC17D8}.Debug|Win32.Build.0 = Debug|Win32
		{C6B31CCF-1977-49CF-8F87-6359FEFC17D8}.Debug|x64.ActiveCfg = Debug|x64
		{C6B31CCF-1977-49CF-8F87-6359FEFC17D8}.Debug|x64.Build.0 = Debug|x64
		{C6B31CCF-1977-49CF-8F87-6359FEFC17D8}.Release|ARM.ActiveCfg = Release|Win32
		{C6B31CCF-1977-49CF-8F87-6359FEFC17D8}.Release|Mixed Platforms.ActiveCfg = Release|Win32
		{C6B31CCF-1977-49CF-8F87-6359FEFC17D8}.Release|Mixed Platforms.Build.0 = Release|Win32
		{C6B31CCF-1977-49CF-8F87-6359FEFC17D8}.Release|Win32.ActiveCfg = Release|Win32
		{C6B31CCF-1977-49CF-8F87-6359FEFC17D8}.Release|Win32.Build.0 = Release|Win32
		{C6B31CCF-1977-49CF-8F87-6359FEFC17D8}.Release|x64.ActiveCfg = Release|x64
		{C6B31CCF-1977-49CF-8F87-6359FEFC17D8}.Release|x64.Build.0 = Release|x64
		{BEED3121-5A7A-4FE3-90E5-01B419D3AAEF}.Debug|ARM.ActiveCfg = Debug|Win32
		{BEED3121-5A7A-4FE3-90E5-01B419D3AAEF}.Debug|Mixed Platforms.ActiveCfg = Debug|Win32
		{BEED3121-5A7A-4FE3-90E5-01B419D3AAEF}.Debug|Mixed Platforms.Build.0 = Debug|Win32
		{BEED3121-5A7A-4FE3-90E5-01B419D3AAEF}.Debug|Win32.ActiveCfg = Debug|Win32
		{BEED3121-5A7A-4FE3-90E5-01B419D3AAEF}.Debug|Win32.Build.0 = Debug|Win32
		{BEED3121-5A7A-4FE3-90E5-01B419D3AAEF}.Debug|x64.ActiveCfg = Debug|x64
		{BEED3121-5A7A-4FE3-90E5-01B419D3AAEF}.Debug|x64.Build.0 = Debug|x64
		{BEED3121-5A7A-4FE3-90E5-01B419D3AAEF}.Release|ARM.ActiveCfg = Release|Win32
		{BEED3121-5A7A-4FE3-90E5-01B419D3AAEF}.Release|Mixed Platforms.ActiveCfg = Release|Win32
		{BEED3121-5A7A-4FE3-90E5-01B419D3AAEF}.Release|Mixed Platforms.Build.0 = Release|Win32
		{BEED3121-5A7A-4FE3-90E5-01B419D3AAEF}.Release|Win32.ActiveCfg = Release|Win32
		{BEED3121-5A7A-4FE3-90E5-01B419D3AAEF}.Release|Win32.Build.0 = Release|Win32
		{BEED3121-5A7A-4FE3-90E5-01B419D3AAEF}.Release|x64.ActiveCfg = Release|x64
		{BEED3121-5A7A-4FE3-90E5-01B419D3AAEF}.Release|x64.Build.0 = Release|x64
		{255F4C85-BAEC-428D-B279-1A6EE2A91207}.Debug|ARM.ActiveCfg = Debug|Win32
		{255F4C85-BAEC-428D-B279-1A6EE2A91207}.Debug|Mixed Platforms.ActiveCfg = Debug|Win32
		{255F4C85-BAEC-428D-B279-1A6EE2A91207}.Debug|Mixed Platforms.Build.0 = Debug|Win32
		{255F4C85-BAEC-428D-B279-1A6EE2A91207}.Debug|Win32.ActiveCfg = Debug|Win32
		{255F4C85-BAEC-428D-B279-1A6EE2A91207}.Debug|Win32.Build.0 = Debug|Win32
		{255F4C85-BAEC-428D-B279-1A6EE2A91207}.Debug|x64.ActiveCfg = Debug|x64
		{255F4C85-BAEC-428D-B279-1A6EE2A91207}.Debug|x64.Build.0 = Debug|x64
		{255F4C85-BAEC-428D-B279-1A6EE2A91207}.Release|ARM.ActiveCfg = Release|Win32
		{255F4C85-BAEC-428D-B279-1A6EE2A91207}.Release|Mixed Platforms.ActiveCfg = Release|Win32
		{255F4C85-BAEC-428D-B279-1A6EE2A91207}.Release|Mixed Platforms.Build.0 = Release|Win32
		{255F4C85-BAEC-428D-B279-1A6EE2A91207}.Release|Win32.ActiveCfg = Release|Win32
		{255F4C85-BAEC-428D-B279-1A6EE2A91207}.Release|Win32.Build.0 = Release|Win32
		{255F4C85-BAEC-428D-B279-1A6EE2A91207}.Release|x64.ActiveCfg = Release|x64
		{255F4C85-BAEC-428D-B279-1A6EE2A91207}.Release|x64.Build.0 = Release|x64
	EndGlobalSection
	GlobalSection(SolutionProperties) = preSolution
		HideSolutionNode = FALSE
	EndGlobalSection
EndGlobal
