<?xml version="1.0" encoding="utf-8"?>
<Project ToolsVersion="4.0" xmlns="http://schemas.microsoft.com/developer/msbuild/2003">
  <ItemGroup>
    <Filter Include="imgui">
      <UniqueIdentifier>{20b90ce4-7fcb-4731-b9a0-075f875de82d}</UniqueIdentifier>
    </Filter>
    <Filter Include="sources">
      <UniqueIdentifier>{f18ab499-84e1-499f-8eff-9754361e0e52}</UniqueIdentifier>
      <Extensions>cpp;c;cc;cxx;def;odl;idl;hpj;bat;asm;asmx</Extensions>
    </Filter>
    <Filter Include="gl3w">
      <UniqueIdentifier>{42f99867-3108-43b8-99d0-fabefaf1f2e3}</UniqueIdentifier>
    </Filter>
    <Filter Include="res_manager">
      <UniqueIdentifier>{4d3b9ae6-9d54-4664-ada8-0867516a0fd7}</UniqueIdentifier>
    </Filter>
    <Filter Include="controls">
      <UniqueIdentifier>{4af6253d-cf2c-4816-ad92-39a212d68b1c}</UniqueIdentifier>
    </Filter>
    <Filter Include="json">
      <UniqueIdentifier>{098a79ae-f209-436c-b0e5-71d76d45ac34}</UniqueIdentifier>
    </Filter>
    <Filter Include="common">
      <UniqueIdentifier>{be949d9d-5e7f-4b53-81a9-c102882c28fe}</UniqueIdentifier>
    </Filter>
    <Filter Include="project">
      <UniqueIdentifier>{af33b2a6-b2dc-4e4a-abd9-b73db9b8198f}</UniqueIdentifier>
    </Filter>
    <Filter Include="user_imgui">
      <UniqueIdentifier>{e6f8508e-b52e-415c-a22a-78b2d55e923d}</UniqueIdentifier>
    </Filter>
    <Filter Include="res">
      <UniqueIdentifier>{4563ab87-9f09-4267-a43d-fda2a4512162}</UniqueIdentifier>
    </Filter>
    <Filter Include="fbx">
      <UniqueIdentifier>{f27df0d4-eb3f-41e2-a514-7eee7698c472}</UniqueIdentifier>
    </Filter>
    <Filter Include="render_utilities">
      <UniqueIdentifier>{8c38a201-8098-494d-9e3b-5dd3905a6a26}</UniqueIdentifier>
    </Filter>
    <Filter Include="afb_manager">
      <UniqueIdentifier>{1eed8a52-3174-4df9-b74a-a6938f17dde9}</UniqueIdentifier>
    </Filter>
    <Filter Include="soil">
      <UniqueIdentifier>{a04a2d92-1ed4-4bd1-8531-5f50612cdf16}</UniqueIdentifier>
    </Filter>
  </ItemGroup>
  <ItemGroup>
    <ClCompile Include="main.cpp">
      <Filter>sources</Filter>
    </ClCompile>
    <ClCompile Include="..\..\imgui.cpp">
      <Filter>imgui</Filter>
    </ClCompile>
    <ClCompile Include="imgui_impl_glfw_gl3.cpp">
      <Filter>sources</Filter>
    </ClCompile>
    <ClCompile Include="..\libs\gl3w\GL\gl3w.c">
      <Filter>gl3w</Filter>
    </ClCompile>
    <ClCompile Include="..\..\imgui_draw.cpp">
      <Filter>imgui</Filter>
    </ClCompile>
    <ClCompile Include="res_output.cpp">
      <Filter>res_manager</Filter>
    </ClCompile>
    <ClCompile Include="factory.h">
      <Filter>controls</Filter>
    </ClCompile>
    <ClCompile Include="ui_assembler.cpp">
      <Filter>controls</Filter>
    </ClCompile>
    <ClCompile Include="ft_button.cpp">
      <Filter>controls</Filter>
    </ClCompile>
    <ClCompile Include="ft_base.cpp">
      <Filter>controls</Filter>
    </ClCompile>
    <ClCompile Include="ft_polygon_image.cpp">
      <Filter>controls</Filter>
    </ClCompile>
    <ClCompile Include="ft_listbox.cpp">
      <Filter>controls</Filter>
    </ClCompile>
    <ClCompile Include="ft_image.cpp">
      <Filter>controls</Filter>
    </ClCompile>
    <ClCompile Include="common_functions.cpp">
      <Filter>common</Filter>
    </ClCompile>
    <ClCompile Include="project_edit.cpp">
      <Filter>project</Filter>
    </ClCompile>
    <ClCompile Include="user_control_imgui.cpp">
      <Filter>user_imgui</Filter>
    </ClCompile>
    <ClCompile Include="texture_res_load.cpp">
      <Filter>res_manager</Filter>
    </ClCompile>
    <ClCompile Include="res_internal.cpp">
      <Filter>res_manager</Filter>
    </ClCompile>
    <ClCompile Include="..\..\iguidock.cpp">
      <Filter>imgui</Filter>
    </ClCompile>
    <ClCompile Include="res_edit.cpp">
      <Filter>res_manager</Filter>
    </ClCompile>
    <ClCompile Include="..\..\imgui_demo.cpp">
      <Filter>imgui</Filter>
    </ClCompile>
    <ClCompile Include="miniz.c">
      <Filter>fbx</Filter>
    </ClCompile>
    <ClCompile Include="ofbx.cpp">
      <Filter>fbx</Filter>
    </ClCompile>
    <ClCompile Include="ft_textblock.cpp">
      <Filter>controls</Filter>
    </ClCompile>
    <ClCompile Include="..\..\json\json_reader.cpp">
      <Filter>json</Filter>
    </ClCompile>
    <ClCompile Include="..\..\json\json_value.cpp">
      <Filter>json</Filter>
    </ClCompile>
    <ClCompile Include="..\..\json\json_writer.cpp">
      <Filter>json</Filter>
    </ClCompile>
    <ClCompile Include="afb_output.cpp">
      <Filter>afb_manager</Filter>
    </ClCompile>
    <ClCompile Include="afb_load.cpp">
      <Filter>afb_manager</Filter>
    </ClCompile>
    <ClCompile Include="ft_slider.cpp">
      <Filter>controls</Filter>
    </ClCompile>
    <ClCompile Include="material.cpp">
      <Filter>render_utilities</Filter>
    </ClCompile>
    <ClCompile Include="af_shader.cpp">
      <Filter>render_utilities</Filter>
    </ClCompile>
    <ClCompile Include="shader_uf.cpp">
      <Filter>render_utilities</Filter>
    </ClCompile>
    <ClCompile Include="primitive_object.cpp">
      <Filter>render_utilities</Filter>
    </ClCompile>
    <ClCompile Include="material_shader_edit.cpp">
      <Filter>res_manager</Filter>
    </ClCompile>
    <ClCompile Include="texture_edit.cpp">
      <Filter>res_manager</Filter>
    </ClCompile>
    <ClCompile Include="Mesh.cpp">
      <Filter>render_utilities</Filter>
    </ClCompile>
    <ClCompile Include="paricles_system.cpp">
      <Filter>render_utilities</Filter>
    </ClCompile>
    <ClCompile Include="primitve_edit.cpp">
      <Filter>res_manager</Filter>
    </ClCompile>
    <ClCompile Include="fonts_edit.cpp">
      <Filter>res_manager</Filter>
    </ClCompile>
    <ClCompile Include="file_res_edit.cpp">
      <Filter>res_manager</Filter>
    </ClCompile>
    <ClCompile Include="ft_scene.cpp">
      <Filter>controls</Filter>
    </ClCompile>
    <ClCompile Include="ft_cube_3d.cpp">
      <Filter>controls</Filter>
    </ClCompile>
    <ClCompile Include="ft_model_3d.cpp">
      <Filter>controls</Filter>
    </ClCompile>
    <ClCompile Include="ft_particles_3d.cpp">
      <Filter>controls</Filter>
    </ClCompile>
    <ClCompile Include="ft_particles_effect_3d.cpp">
      <Filter>controls</Filter>
    </ClCompile>
    <ClCompile Include="ft_particles1_3d.cpp">
      <Filter>controls</Filter>
    </ClCompile>
    <ClCompile Include="ft_plane_3d.cpp">
      <Filter>controls</Filter>
    </ClCompile>
    <ClCompile Include="ft_sphere_3d.cpp">
      <Filter>controls</Filter>
    </ClCompile>
    <ClCompile Include="ft_trajectory_box_3d.cpp">
      <Filter>controls</Filter>
    </ClCompile>
    <ClCompile Include="fbx_import\FBXColor.cpp">
      <Filter>fbx</Filter>
    </ClCompile>
    <ClCompile Include="fbx_import\FBXGlobalSettings.cpp">
      <Filter>fbx</Filter>
    </ClCompile>
    <ClCompile Include="fbx_import\FBXImporter.cpp">
      <Filter>fbx</Filter>
    </ClCompile>
    <ClCompile Include="fbx_import\FBXMaterial.cpp">
      <Filter>fbx</Filter>
    </ClCompile>
    <ClCompile Include="fbx_import\FBXMatrix4x4.cpp">
      <Filter>fbx</Filter>
    </ClCompile>
    <ClCompile Include="fbx_import\FBXModel.cpp">
      <Filter>fbx</Filter>
    </ClCompile>
    <ClCompile Include="fbx_import\FBXScene.cpp">
      <Filter>fbx</Filter>
    </ClCompile>
    <ClCompile Include="fbx_import\FBXValue.cpp">
      <Filter>fbx</Filter>
    </ClCompile>
    <ClCompile Include="fbx_import\FBXVector2.cpp">
      <Filter>fbx</Filter>
    </ClCompile>
    <ClCompile Include="fbx_import\FBXVector3.cpp">
      <Filter>fbx</Filter>
    </ClCompile>
    <ClCompile Include="fbx_import\FBXVector4.cpp">
      <Filter>fbx</Filter>
    </ClCompile>
    <ClCompile Include="file_outputor.cpp">
      <Filter>res_manager</Filter>
    </ClCompile>
    <ClCompile Include="ft_fbx_assert_3d.cpp">
      <Filter>controls</Filter>
    </ClCompile>
    <ClCompile Include="fbx_save_info.cpp">
      <Filter>fbx</Filter>
    </ClCompile>
    <ClCompile Include="ft_slider_thumb.cpp">
      <Filter>controls</Filter>
    </ClCompile>
    <ClCompile Include="ft_image_play.cpp">
      <Filter>controls</Filter>
    </ClCompile>
    <ClCompile Include="ft_block.cpp">
      <Filter>controls</Filter>
    </ClCompile>
    <ClCompile Include="ft_plane_play_2d.cpp">
      <Filter>controls</Filter>
    </ClCompile>
    <ClCompile Include="ft_plot_lines.cpp">
      <Filter>controls</Filter>
    </ClCompile>
    <ClCompile Include="bind_edit.cpp">
      <Filter>project</Filter>
    </ClCompile>
    <ClCompile Include="base_ui_component.cpp">
      <Filter>controls</Filter>
    </ClCompile>
    <ClCompile Include="ft_circle.cpp">
      <Filter>controls</Filter>
    </ClCompile>
    <ClCompile Include="command_element_delta.cpp">
      <Filter>controls</Filter>
    </ClCompile>
    <ClCompile Include="..\..\soil\image_DXT.c">
      <Filter>soil</Filter>
    </ClCompile>
    <ClCompile Include="..\..\soil\image_helper.c">
      <Filter>soil</Filter>
    </ClCompile>
    <ClCompile Include="..\..\soil\SOIL.c">
      <Filter>soil</Filter>
    </ClCompile>
    <ClCompile Include="..\..\soil\stb_image_aug.c">
      <Filter>soil</Filter>
    </ClCompile>
    <ClCompile Include="ft_textblock_n.cpp">
      <Filter>controls</Filter>
    </ClCompile>
    <ClCompile Include="af_font_res_set.cpp">
      <Filter>controls</Filter>
    </ClCompile>
  </ItemGroup>
  <ItemGroup>
    <ClInclude Include="..\..\imconfig.h">
      <Filter>imgui</Filter>
    </ClInclude>
    <ClInclude Include="..\..\imgui.h">
      <Filter>imgui</Filter>
    </ClInclude>
    <ClInclude Include="imgui_impl_glfw_gl3.h">
      <Filter>sources</Filter>
    </ClInclude>
    <ClInclude Include="..\libs\gl3w\GL\gl3w.h">
      <Filter>gl3w</Filter>
    </ClInclude>
    <ClInclude Include="..\libs\gl3w\GL\glcorearb.h">
      <Filter>gl3w</Filter>
    </ClInclude>
    <ClInclude Include="..\..\imgui_internal.h">
      <Filter>imgui</Filter>
    </ClInclude>
    <ClInclude Include="..\..\texture.h">
      <Filter>imgui</Filter>
    </ClInclude>
    <ClInclude Include="res_output.h">
      <Filter>res_manager</Filter>
    </ClInclude>
    <ClInclude Include="control_common_def.h">
      <Filter>controls</Filter>
    </ClInclude>
    <ClInclude Include="ui_assembler.h">
      <Filter>controls</Filter>
    </ClInclude>
    <ClInclude Include="ft_button.h">
      <Filter>controls</Filter>
    </ClInclude>
    <ClInclude Include="ft_base.h">
      <Filter>controls</Filter>
    </ClInclude>
    <ClInclude Include="ft_polygon_image.h">
      <Filter>controls</Filter>
    </ClInclude>
    <ClInclude Include="ft_listbox.h">
      <Filter>controls</Filter>
    </ClInclude>
    <ClInclude Include="ft_image.h">
      <Filter>controls</Filter>
    </ClInclude>
    <ClInclude Include="common_functions.h">
      <Filter>common</Filter>
    </ClInclude>
    <ClInclude Include="project_edit.h">
      <Filter>project</Filter>
    </ClInclude>
    <ClInclude Include="user_control_imgui.h">
      <Filter>user_imgui</Filter>
    </ClInclude>
    <ClInclude Include="texture_res_load.h">
      <Filter>res_manager</Filter>
    </ClInclude>
    <ClInclude Include="res_internal.h">
      <Filter>res_manager</Filter>
    </ClInclude>
    <ClInclude Include="..\..\imguidock.h">
      <Filter>imgui</Filter>
    </ClInclude>
    <ClInclude Include="res_edit.h">
      <Filter>res_manager</Filter>
    </ClInclude>
    <ClInclude Include="resource.h">
      <Filter>res</Filter>
    </ClInclude>
    <ClInclude Include="miniz.h">
      <Filter>fbx</Filter>
    </ClInclude>
    <ClInclude Include="ofbx.h">
      <Filter>fbx</Filter>
    </ClInclude>
    <ClInclude Include="renderTransform.h">
      <Filter>fbx</Filter>
    </ClInclude>
    <ClInclude Include="af_shader.h">
      <Filter>render_utilities</Filter>
    </ClInclude>
    <ClInclude Include="ft_textblock.h">
      <Filter>controls</Filter>
    </ClInclude>
    <ClInclude Include="..\..\json\autolink.h">
      <Filter>json</Filter>
    </ClInclude>
    <ClInclude Include="..\..\json\config.h">
      <Filter>json</Filter>
    </ClInclude>
    <ClInclude Include="..\..\json\features.h">
      <Filter>json</Filter>
    </ClInclude>
    <ClInclude Include="..\..\json\forwards.h">
      <Filter>json</Filter>
    </ClInclude>
    <ClInclude Include="..\..\json\json.h">
      <Filter>json</Filter>
    </ClInclude>
    <ClInclude Include="..\..\json\json_batchallocator.h">
      <Filter>json</Filter>
    </ClInclude>
    <ClInclude Include="..\..\json\reader.h">
      <Filter>json</Filter>
    </ClInclude>
    <ClInclude Include="..\..\json\value.h">
      <Filter>json</Filter>
    </ClInclude>
    <ClInclude Include="..\..\json\writer.h">
      <Filter>json</Filter>
    </ClInclude>
    <ClInclude Include="afb_output.h">
      <Filter>afb_manager</Filter>
    </ClInclude>
    <ClInclude Include="afb_load.h">
      <Filter>afb_manager</Filter>
    </ClInclude>
    <ClInclude Include="ft_slider.h">
      <Filter>controls</Filter>
    </ClInclude>
    <ClInclude Include="shader_uf.h">
      <Filter>render_utilities</Filter>
    </ClInclude>
    <ClInclude Include="material.h">
      <Filter>render_utilities</Filter>
    </ClInclude>
    <ClInclude Include="primitive_object.h">
      <Filter>render_utilities</Filter>
    </ClInclude>
    <ClInclude Include="material_shader_edit.h">
      <Filter>res_manager</Filter>
    </ClInclude>
    <ClInclude Include="texture_edit.h">
      <Filter>res_manager</Filter>
    </ClInclude>
    <ClInclude Include="Mesh.h">
      <Filter>render_utilities</Filter>
    </ClInclude>
    <ClInclude Include="paricles_system.h">
      <Filter>render_utilities</Filter>
    </ClInclude>
    <ClInclude Include="primitve_edit.h">
      <Filter>res_manager</Filter>
    </ClInclude>
    <ClInclude Include="file_res_edit.h">
      <Filter>res_manager</Filter>
    </ClInclude>
    <ClInclude Include="fonts_edit.h">
      <Filter>res_manager</Filter>
    </ClInclude>
    <ClInclude Include="dir_output.h">
      <Filter>res_manager</Filter>
    </ClInclude>
    <ClInclude Include="ft_scene.h">
      <Filter>controls</Filter>
    </ClInclude>
    <ClInclude Include="ft_cube_3d.h">
      <Filter>controls</Filter>
    </ClInclude>
    <ClInclude Include="ft_model_3d.h">
      <Filter>controls</Filter>
    </ClInclude>
    <ClInclude Include="ft_particles_3d.h">
      <Filter>controls</Filter>
    </ClInclude>
    <ClInclude Include="ft_particles_effect_3d.h">
      <Filter>controls</Filter>
    </ClInclude>
    <ClInclude Include="ft_particles1_3d.h">
      <Filter>controls</Filter>
    </ClInclude>
    <ClInclude Include="ft_plane_3d.h">
      <Filter>controls</Filter>
    </ClInclude>
    <ClInclude Include="ft_sphere_3d.h">
      <Filter>controls</Filter>
    </ClInclude>
    <ClInclude Include="ft_trajectory_box_3d.h">
      <Filter>controls</Filter>
    </ClInclude>
    <ClInclude Include="fbx_import\FBXColor.h">
      <Filter>fbx</Filter>
    </ClInclude>
    <ClInclude Include="fbx_import\FBXGlobalSettings.h">
      <Filter>fbx</Filter>
    </ClInclude>
    <ClInclude Include="fbx_import\FBXImporter.h">
      <Filter>fbx</Filter>
    </ClInclude>
    <ClInclude Include="fbx_import\FBXImporterCommon.h">
      <Filter>fbx</Filter>
    </ClInclude>
    <ClInclude Include="fbx_import\FBXMaterial.h">
      <Filter>fbx</Filter>
    </ClInclude>
    <ClInclude Include="fbx_import\FBXMatrix4x4.h">
      <Filter>fbx</Filter>
    </ClInclude>
    <ClInclude Include="fbx_import\FBXModel.h">
      <Filter>fbx</Filter>
    </ClInclude>
    <ClInclude Include="fbx_import\FBXScene.h">
      <Filter>fbx</Filter>
    </ClInclude>
    <ClInclude Include="fbx_import\FBXValue.h">
      <Filter>fbx</Filter>
    </ClInclude>
    <ClInclude Include="fbx_import\FBXVector2.h">
      <Filter>fbx</Filter>
    </ClInclude>
    <ClInclude Include="fbx_import\FBXVector3.h">
      <Filter>fbx</Filter>
    </ClInclude>
    <ClInclude Include="fbx_import\FBXVector4.h">
      <Filter>fbx</Filter>
    </ClInclude>
    <ClInclude Include="fbx_import\RCPtr.h">
      <Filter>fbx</Filter>
    </ClInclude>
    <ClInclude Include="file_outputor.h">
      <Filter>res_manager</Filter>
    </ClInclude>
    <ClInclude Include="ft_fbx_assert_3d.h">
      <Filter>controls</Filter>
    </ClInclude>
    <ClInclude Include="fbx_save_info.h">
      <Filter>fbx</Filter>
    </ClInclude>
    <ClInclude Include="ft_slider_thumb.h">
      <Filter>controls</Filter>
    </ClInclude>
    <ClInclude Include="ft_image_play.h">
      <Filter>controls</Filter>
    </ClInclude>
    <ClInclude Include="ft_plane_play_2d.h">
      <Filter>controls</Filter>
    </ClInclude>
    <ClInclude Include="ft_block.h">
      <Filter>controls</Filter>
    </ClInclude>
    <ClInclude Include="ft_plot_lines.h">
      <Filter>controls</Filter>
    </ClInclude>
    <ClInclude Include="bind_edit.h">
      <Filter>project</Filter>
    </ClInclude>
    <ClInclude Include="property_utilities.h">
      <Filter>controls</Filter>
    </ClInclude>
    <ClInclude Include="ft_circle.h">
      <Filter>controls</Filter>
    </ClInclude>
    <ClInclude Include="command_element_delta.h">
      <Filter>controls</Filter>
    </ClInclude>
    <ClInclude Include="..\..\soil\image_DXT.h">
      <Filter>soil</Filter>
    </ClInclude>
    <ClInclude Include="..\..\soil\image_helper.h">
      <Filter>soil</Filter>
    </ClInclude>
    <ClInclude Include="..\..\soil\SOIL.h">
      <Filter>soil</Filter>
    </ClInclude>
    <ClInclude Include="..\..\soil\stb_image_aug.h">
      <Filter>soil</Filter>
    </ClInclude>
    <ClInclude Include="..\..\soil\stbi_DDS_aug.h">
      <Filter>soil</Filter>
    </ClInclude>
    <ClInclude Include="..\..\soil\stbi_DDS_aug_c.h">
      <Filter>soil</Filter>
    </ClInclude>
    <ClInclude Include="ft_textblock_n.h">
      <Filter>controls</Filter>
    </ClInclude>
    <ClInclude Include="af_font_res_set.h">
      <Filter>controls</Filter>
    </ClInclude>
    <ClInclude Include="af_type.h">
      <Filter>controls</Filter>
    </ClInclude>
  </ItemGroup>
  <ItemGroup>
    <None Include="..\README.txt" />
    <None Include="internal_texture_dataformat.json">
      <Filter>res</Filter>
    </None>
    <None Include="..\..\json\json_internalarray.inl">
      <Filter>json</Filter>
    </None>
    <None Include="..\..\json\json_internalmap.inl">
      <Filter>json</Filter>
    </None>
    <None Include="..\..\json\json_valueiterator.inl">
      <Filter>json</Filter>
    </None>
    <None Include="ClassDiagram.cd" />
  </ItemGroup>
  <ItemGroup>
    <ResourceCompile Include="auto_future_graphics_design.rc">
      <Filter>res</Filter>
    </ResourceCompile>
  </ItemGroup>
  <ItemGroup>
    <Image Include="internal_texture_dataformat.png">
      <Filter>res</Filter>
    </Image>
  </ItemGroup>
</Project>